// !$*UTF8*$!
{
	archiveVersion = 1;
	classes = {
	};
	objectVersion = 46;
	objects = {

/* Begin PBXBuildFile section */
		C2FF508A1A6BEF6C002F5526 /* AppDelegate.m in Sources */ = {isa = PBXBuildFile; fileRef = C2FF507C1A6BEF6C002F5526 /* AppDelegate.m */; };
		C2FF508B1A6BEF6C002F5526 /* Main.storyboard in Resources */ = {isa = PBXBuildFile; fileRef = C2FF507D1A6BEF6C002F5526 /* Main.storyboard */; };
		C2FF508C1A6BEF6C002F5526 /* Images.xcassets in Resources */ = {isa = PBXBuildFile; fileRef = C2FF507F1A6BEF6C002F5526 /* Images.xcassets */; };
		C2FF508D1A6BEF6C002F5526 /* Info.plist in Resources */ = {isa = PBXBuildFile; fileRef = C2FF50801A6BEF6C002F5526 /* Info.plist */; };
		C2FF508E1A6BEF6C002F5526 /* main.m in Sources */ = {isa = PBXBuildFile; fileRef = C2FF50811A6BEF6C002F5526 /* main.m */; };
		C2FF508F1A6BEF6C002F5526 /* MMHueLight.m in Sources */ = {isa = PBXBuildFile; fileRef = C2FF50831A6BEF6C002F5526 /* MMHueLight.m */; };
		C2FF50901A6BEF6C002F5526 /* MMWatchPixel.m in Sources */ = {isa = PBXBuildFile; fileRef = C2FF50851A6BEF6C002F5526 /* MMWatchPixel.m */; };
		C2FF50911A6BEF6C002F5526 /* MMWatchPixelController.m in Sources */ = {isa = PBXBuildFile; fileRef = C2FF50871A6BEF6C002F5526 /* MMWatchPixelController.m */; };
		C2FF50921A6BEF6C002F5526 /* ViewController.m in Sources */ = {isa = PBXBuildFile; fileRef = C2FF50891A6BEF6C002F5526 /* ViewController.m */; };
/* End PBXBuildFile section */

/* Begin PBXFileReference section */
		118E81E91A6A13890081E6E5 /* HueMonitor.app */ = {isa = PBXFileReference; explicitFileType = wrapper.application; includeInIndex = 0; path = HueMonitor.app; sourceTree = BUILT_PRODUCTS_DIR; };
		C2FF507B1A6BEF6C002F5526 /* AppDelegate.h */ = {isa = PBXFileReference; fileEncoding = 4; lastKnownFileType = sourcecode.c.h; path = AppDelegate.h; sourceTree = "<group>"; };
		C2FF507C1A6BEF6C002F5526 /* AppDelegate.m */ = {isa = PBXFileReference; fileEncoding = 4; lastKnownFileType = sourcecode.c.objc; path = AppDelegate.m; sourceTree = "<group>"; };
		C2FF507E1A6BEF6C002F5526 /* Base */ = {isa = PBXFileReference; lastKnownFileType = file.storyboard; name = Base; path = Base.lproj/Main.storyboard; sourceTree = "<group>"; };
		C2FF507F1A6BEF6C002F5526 /* Images.xcassets */ = {isa = PBXFileReference; lastKnownFileType = folder.assetcatalog; path = Images.xcassets; sourceTree = "<group>"; };
		C2FF50801A6BEF6C002F5526 /* Info.plist */ = {isa = PBXFileReference; fileEncoding = 4; lastKnownFileType = text.plist.xml; path = Info.plist; sourceTree = "<group>"; };
		C2FF50811A6BEF6C002F5526 /* main.m */ = {isa = PBXFileReference; fileEncoding = 4; lastKnownFileType = sourcecode.c.objc; path = main.m; sourceTree = "<group>"; };
		C2FF50821A6BEF6C002F5526 /* MMHueLight.h */ = {isa = PBXFileReference; fileEncoding = 4; lastKnownFileType = sourcecode.c.h; path = MMHueLight.h; sourceTree = "<group>"; };
		C2FF50831A6BEF6C002F5526 /* MMHueLight.m */ = {isa = PBXFileReference; fileEncoding = 4; lastKnownFileType = sourcecode.c.objc; path = MMHueLight.m; sourceTree = "<group>"; };
		C2FF50841A6BEF6C002F5526 /* MMWatchPixel.h */ = {isa = PBXFileReference; fileEncoding = 4; lastKnownFileType = sourcecode.c.h; path = MMWatchPixel.h; sourceTree = "<group>"; };
		C2FF50851A6BEF6C002F5526 /* MMWatchPixel.m */ = {isa = PBXFileReference; fileEncoding = 4; lastKnownFileType = sourcecode.c.objc; path = MMWatchPixel.m; sourceTree = "<group>"; };
		C2FF50861A6BEF6C002F5526 /* MMWatchPixelController.h */ = {isa = PBXFileReference; fileEncoding = 4; lastKnownFileType = sourcecode.c.h; path = MMWatchPixelController.h; sourceTree = "<group>"; };
		C2FF50871A6BEF6C002F5526 /* MMWatchPixelController.m */ = {isa = PBXFileReference; fileEncoding = 4; lastKnownFileType = sourcecode.c.objc; path = MMWatchPixelController.m; sourceTree = "<group>"; };
		C2FF50881A6BEF6C002F5526 /* ViewController.h */ = {isa = PBXFileReference; fileEncoding = 4; lastKnownFileType = sourcecode.c.h; path = ViewController.h; sourceTree = "<group>"; };
		C2FF50891A6BEF6C002F5526 /* ViewController.m */ = {isa = PBXFileReference; fileEncoding = 4; lastKnownFileType = sourcecode.c.objc; path = ViewController.m; sourceTree = "<group>"; };
/* End PBXFileReference section */

/* Begin PBXFrameworksBuildPhase section */
		118E81E61A6A13890081E6E5 /* Frameworks */ = {
			isa = PBXFrameworksBuildPhase;
			buildActionMask = 2147483647;
			files = (
			);
			runOnlyForDeploymentPostprocessing = 0;
		};
/* End PBXFrameworksBuildPhase section */

/* Begin PBXGroup section */
		118E81E01A6A13890081E6E5 = {
			isa = PBXGroup;
			children = (
				C2FF507A1A6BEF6C002F5526 /* HueMonitor */,
				118E81EA1A6A13890081E6E5 /* Products */,
			);
			sourceTree = "<group>";
		};
		118E81EA1A6A13890081E6E5 /* Products */ = {
			isa = PBXGroup;
			children = (
				118E81E91A6A13890081E6E5 /* HueMonitor.app */,
			);
			name = Products;
			sourceTree = "<group>";
		};
		C2FF507A1A6BEF6C002F5526 /* HueMonitor */ = {
			isa = PBXGroup;
			children = (
				C2FF507B1A6BEF6C002F5526 /* AppDelegate.h */,
				C2FF507C1A6BEF6C002F5526 /* AppDelegate.m */,
				C2FF507D1A6BEF6C002F5526 /* Main.storyboard */,
				C2FF507F1A6BEF6C002F5526 /* Images.xcassets */,
				C2FF50801A6BEF6C002F5526 /* Info.plist */,
				C2FF50811A6BEF6C002F5526 /* main.m */,
				C2FF50821A6BEF6C002F5526 /* MMHueLight.h */,
				C2FF50831A6BEF6C002F5526 /* MMHueLight.m */,
				C2FF50841A6BEF6C002F5526 /* MMWatchPixel.h */,
				C2FF50851A6BEF6C002F5526 /* MMWatchPixel.m */,
				C2FF50861A6BEF6C002F5526 /* MMWatchPixelController.h */,
				C2FF50871A6BEF6C002F5526 /* MMWatchPixelController.m */,
				C2FF50881A6BEF6C002F5526 /* ViewController.h */,
				C2FF50891A6BEF6C002F5526 /* ViewController.m */,
			);
			path = HueMonitor;
			sourceTree = "<group>";
		};
/* End PBXGroup section */

/* Begin PBXNativeTarget section */
		118E81E81A6A13890081E6E5 /* HueMonitor */ = {
			isa = PBXNativeTarget;
			buildConfigurationList = 118E82091A6A13890081E6E5 /* Build configuration list for PBXNativeTarget "HueMonitor" */;
			buildPhases = (
				118E81E51A6A13890081E6E5 /* Sources */,
				118E81E61A6A13890081E6E5 /* Frameworks */,
				118E81E71A6A13890081E6E5 /* Resources */,
			);
			buildRules = (
			);
			dependencies = (
			);
			name = HueMonitor;
			productName = MovieMood;
			productReference = 118E81E91A6A13890081E6E5 /* HueMonitor.app */;
			productType = "com.apple.product-type.application";
		};
/* End PBXNativeTarget section */

/* Begin PBXProject section */
		118E81E11A6A13890081E6E5 /* Project object */ = {
			isa = PBXProject;
			attributes = {
				LastUpgradeCheck = 0610;
				ORGANIZATIONNAME = TeamHackers;
				TargetAttributes = {
					118E81E81A6A13890081E6E5 = {
						CreatedOnToolsVersion = 6.1.1;
					};
				};
			};
			buildConfigurationList = 118E81E41A6A13890081E6E5 /* Build configuration list for PBXProject "HueMonitor" */;
			compatibilityVersion = "Xcode 3.2";
			developmentRegion = English;
			hasScannedForEncodings = 0;
			knownRegions = (
				en,
				Base,
			);
			mainGroup = 118E81E01A6A13890081E6E5;
			productRefGroup = 118E81EA1A6A13890081E6E5 /* Products */;
			projectDirPath = "";
			projectRoot = "";
			targets = (
				118E81E81A6A13890081E6E5 /* HueMonitor */,
			);
		};
/* End PBXProject section */

/* Begin PBXResourcesBuildPhase section */
		118E81E71A6A13890081E6E5 /* Resources */ = {
			isa = PBXResourcesBuildPhase;
			buildActionMask = 2147483647;
			files = (
				C2FF508B1A6BEF6C002F5526 /* Main.storyboard in Resources */,
				C2FF508C1A6BEF6C002F5526 /* Images.xcassets in Resources */,
				C2FF508D1A6BEF6C002F5526 /* Info.plist in Resources */,
			);
			runOnlyForDeploymentPostprocessing = 0;
		};
/* End PBXResourcesBuildPhase section */

/* Begin PBXSourcesBuildPhase section */
		118E81E51A6A13890081E6E5 /* Sources */ = {
			isa = PBXSourcesBuildPhase;
			buildActionMask = 2147483647;
			files = (
				C2FF50921A6BEF6C002F5526 /* ViewController.m in Sources */,
				C2FF50901A6BEF6C002F5526 /* MMWatchPixel.m in Sources */,
				C2FF508F1A6BEF6C002F5526 /* MMHueLight.m in Sources */,
				C2FF508E1A6BEF6C002F5526 /* main.m in Sources */,
				C2FF508A1A6BEF6C002F5526 /* AppDelegate.m in Sources */,
				C2FF50911A6BEF6C002F5526 /* MMWatchPixelController.m in Sources */,
			);
			runOnlyForDeploymentPostprocessing = 0;
		};
/* End PBXSourcesBuildPhase section */

/* Begin PBXVariantGroup section */
		C2FF507D1A6BEF6C002F5526 /* Main.storyboard */ = {
			isa = PBXVariantGroup;
			children = (
				C2FF507E1A6BEF6C002F5526 /* Base */,
			);
			name = Main.storyboard;
			sourceTree = "<group>";
		};
/* End PBXVariantGroup section */

/* Begin XCBuildConfiguration section */
		118E82071A6A13890081E6E5 /* Debug */ = {
			isa = XCBuildConfiguration;
			buildSettings = {
				ALWAYS_SEARCH_USER_PATHS = NO;
				ASSETCATALOG_COMPILER_APPICON_NAME = "";
				CLANG_CXX_LANGUAGE_STANDARD = "gnu++0x";
				CLANG_CXX_LIBRARY = "libc++";
				CLANG_ENABLE_MODULES = YES;
				CLANG_ENABLE_OBJC_ARC = YES;
				CLANG_WARN_BOOL_CONVERSION = YES;
				CLANG_WARN_CONSTANT_CONVERSION = YES;
				CLANG_WARN_DIRECT_OBJC_ISA_USAGE = YES_ERROR;
				CLANG_WARN_EMPTY_BODY = YES;
				CLANG_WARN_ENUM_CONVERSION = YES;
				CLANG_WARN_INT_CONVERSION = YES;
				CLANG_WARN_OBJC_ROOT_CLASS = YES_ERROR;
				CLANG_WARN_UNREACHABLE_CODE = YES;
				CLANG_WARN__DUPLICATE_METHOD_MATCH = YES;
				CODE_SIGN_IDENTITY = "-";
				COPY_PHASE_STRIP = NO;
				ENABLE_STRICT_OBJC_MSGSEND = YES;
				GCC_C_LANGUAGE_STANDARD = gnu99;
				GCC_DYNAMIC_NO_PIC = NO;
				GCC_OPTIMIZATION_LEVEL = 0;
				GCC_PREPROCESSOR_DEFINITIONS = (
					"DEBUG=1",
					"$(inherited)",
				);
				GCC_SYMBOLS_PRIVATE_EXTERN = NO;
				GCC_WARN_64_TO_32_BIT_CONVERSION = YES;
				GCC_WARN_ABOUT_RETURN_TYPE = YES_ERROR;
				GCC_WARN_UNDECLARED_SELECTOR = YES;
				GCC_WARN_UNINITIALIZED_AUTOS = YES_AGGRESSIVE;
				GCC_WARN_UNUSED_FUNCTION = YES;
				GCC_WARN_UNUSED_VARIABLE = YES;
				MACOSX_DEPLOYMENT_TARGET = 10.10;
				MTL_ENABLE_DEBUG_INFO = YES;
				ONLY_ACTIVE_ARCH = YES;
				SDKROOT = macosx;
			};
			name = Debug;
		};
		118E82081A6A13890081E6E5 /* Release */ = {
			isa = XCBuildConfiguration;
			buildSettings = {
				ALWAYS_SEARCH_USER_PATHS = NO;
				ASSETCATALOG_COMPILER_APPICON_NAME = "";
				CLANG_CXX_LANGUAGE_STANDARD = "gnu++0x";
				CLANG_CXX_LIBRARY = "libc++";
				CLANG_ENABLE_MODULES = YES;
				CLANG_ENABLE_OBJC_ARC = YES;
				CLANG_WARN_BOOL_CONVERSION = YES;
				CLANG_WARN_CONSTANT_CONVERSION = YES;
				CLANG_WARN_DIRECT_OBJC_ISA_USAGE = YES_ERROR;
				CLANG_WARN_EMPTY_BODY = YES;
				CLANG_WARN_ENUM_CONVERSION = YES;
				CLANG_WARN_INT_CONVERSION = YES;
				CLANG_WARN_OBJC_ROOT_CLASS = YES_ERROR;
				CLANG_WARN_UNREACHABLE_CODE = YES;
				CLANG_WARN__DUPLICATE_METHOD_MATCH = YES;
				CODE_SIGN_IDENTITY = "-";
				COPY_PHASE_STRIP = YES;
				DEBUG_INFORMATION_FORMAT = "dwarf-with-dsym";
				ENABLE_NS_ASSERTIONS = NO;
				ENABLE_STRICT_OBJC_MSGSEND = YES;
				GCC_C_LANGUAGE_STANDARD = gnu99;
				GCC_WARN_64_TO_32_BIT_CONVERSION = YES;
				GCC_WARN_ABOUT_RETURN_TYPE = YES_ERROR;
				GCC_WARN_UNDECLARED_SELECTOR = YES;
				GCC_WARN_UNINITIALIZED_AUTOS = YES_AGGRESSIVE;
				GCC_WARN_UNUSED_FUNCTION = YES;
				GCC_WARN_UNUSED_VARIABLE = YES;
				MACOSX_DEPLOYMENT_TARGET = 10.10;
				MTL_ENABLE_DEBUG_INFO = NO;
				SDKROOT = macosx;
			};
			name = Release;
		};
		118E820A1A6A13890081E6E5 /* Debug */ = {
			isa = XCBuildConfiguration;
			buildSettings = {
				ASSETCATALOG_COMPILER_APPICON_NAME = AppIcon;
				COMBINE_HIDPI_IMAGES = YES;
				FRAMEWORK_SEARCH_PATHS = (
					"$(inherited)",
					"$(PROJECT_DIR)/MovieMood",
				);
				INFOPLIST_FILE = HueMonitor/Info.plist;
				LD_RUNPATH_SEARCH_PATHS = "$(inherited) @executable_path/../Frameworks";
				OTHER_LDFLAGS = "-fno-objc-arc";
				PRODUCT_NAME = HueMonitor;
			};
			name = Debug;
		};
		118E820B1A6A13890081E6E5 /* Release */ = {
			isa = XCBuildConfiguration;
			buildSettings = {
				ASSETCATALOG_COMPILER_APPICON_NAME = AppIcon;
				COMBINE_HIDPI_IMAGES = YES;
				FRAMEWORK_SEARCH_PATHS = (
					"$(inherited)",
					"$(PROJECT_DIR)/MovieMood",
				);
				INFOPLIST_FILE = HueMonitor/Info.plist;
				LD_RUNPATH_SEARCH_PATHS = "$(inherited) @executable_path/../Frameworks";
				OTHER_LDFLAGS = "";
				PRODUCT_NAME = HueMonitor;
			};
			name = Release;
		};
/* End XCBuildConfiguration section */

/* Begin XCConfigurationList section */
		118E81E41A6A13890081E6E5 /* Build configuration list for PBXProject "HueMonitor" */ = {
			isa = XCConfigurationList;
			buildConfigurations = (
				118E82071A6A13890081E6E5 /* Debug */,
				118E82081A6A13890081E6E5 /* Release */,
			);
			defaultConfigurationIsVisible = 0;
			defaultConfigurationName = Release;
		};
		118E82091A6A13890081E6E5 /* Build configuration list for PBXNativeTarget "HueMonitor" */ = {
			isa = XCConfigurationList;
			buildConfigurations = (
				118E820A1A6A13890081E6E5 /* Debug */,
				118E820B1A6A13890081E6E5 /* Release */,
			);
			defaultConfigurationIsVisible = 0;
			defaultConfigurationName = Release;
		};
/* End XCConfigurationList section */
	};
	rootObject = 118E81E11A6A13890081E6E5 /* Project object */;
}
