// !$*UTF8*$!
{
	archiveVersion = 1;
	classes = {
	};
	objectVersion = 46;
	objects = {

/* Begin PBXBuildFile section */
		118E81F01A6A13890081E6E5 /* AppDelegate.m in Sources */ = {isa = PBXBuildFile; fileRef = 118E81EF1A6A13890081E6E5 /* AppDelegate.m */; };
		118E81F21A6A13890081E6E5 /* main.m in Sources */ = {isa = PBXBuildFile; fileRef = 118E81F11A6A13890081E6E5 /* main.m */; };
		118E81F51A6A13890081E6E5 /* ViewController.m in Sources */ = {isa = PBXBuildFile; fileRef = 118E81F41A6A13890081E6E5 /* ViewController.m */; };
		118E81F71A6A13890081E6E5 /* Images.xcassets in Resources */ = {isa = PBXBuildFile; fileRef = 118E81F61A6A13890081E6E5 /* Images.xcassets */; };
		118E81FA1A6A13890081E6E5 /* Main.storyboard in Resources */ = {isa = PBXBuildFile; fileRef = 118E81F81A6A13890081E6E5 /* Main.storyboard */; };
		118E82061A6A13890081E6E5 /* MovieMoodTests.m in Sources */ = {isa = PBXBuildFile; fileRef = 118E82051A6A13890081E6E5 /* MovieMoodTests.m */; };
		118E82451A6A42D70081E6E5 /* MMWatchPixel.m in Sources */ = {isa = PBXBuildFile; fileRef = 118E82441A6A42D70081E6E5 /* MMWatchPixel.m */; };
		118E82481A6A71330081E6E5 /* MMWatchPixelController.m in Sources */ = {isa = PBXBuildFile; fileRef = 118E82471A6A71330081E6E5 /* MMWatchPixelController.m */; };
		118E824B1A6A9EB90081E6E5 /* MMHueRequest.m in Sources */ = {isa = PBXBuildFile; fileRef = 118E824A1A6A9EB90081E6E5 /* MMHueRequest.m */; };
		C284E70B1A6A20B400D74F2F /* HueSDK_OSX.framework in Frameworks */ = {isa = PBXBuildFile; fileRef = C284E70A1A6A20B400D74F2F /* HueSDK_OSX.framework */; };
		C284E7161A6A271800D74F2F /* DDAbstractDatabaseLogger.m in Sources */ = {isa = PBXBuildFile; fileRef = C284E70D1A6A271800D74F2F /* DDAbstractDatabaseLogger.m */; };
		C284E7171A6A271800D74F2F /* DDASLLogger.m in Sources */ = {isa = PBXBuildFile; fileRef = C284E70F1A6A271800D74F2F /* DDASLLogger.m */; };
		C284E7181A6A271800D74F2F /* DDFileLogger.m in Sources */ = {isa = PBXBuildFile; fileRef = C284E7111A6A271800D74F2F /* DDFileLogger.m */; };
		C284E7191A6A271800D74F2F /* DDLog.m in Sources */ = {isa = PBXBuildFile; fileRef = C284E7131A6A271800D74F2F /* DDLog.m */; };
		C284E71A1A6A271800D74F2F /* DDTTYLogger.m in Sources */ = {isa = PBXBuildFile; fileRef = C284E7151A6A271800D74F2F /* DDTTYLogger.m */; };
		C284E7251A6A273800D74F2F /* ContextFilterLogFormatter.m in Sources */ = {isa = PBXBuildFile; fileRef = C284E7221A6A273800D74F2F /* ContextFilterLogFormatter.m */; };
		C284E7261A6A273800D74F2F /* DispatchQueueLogFormatter.m in Sources */ = {isa = PBXBuildFile; fileRef = C284E7241A6A273800D74F2F /* DispatchQueueLogFormatter.m */; };
/* End PBXBuildFile section */

/* Begin PBXContainerItemProxy section */
		118E82001A6A13890081E6E5 /* PBXContainerItemProxy */ = {
			isa = PBXContainerItemProxy;
			containerPortal = 118E81E11A6A13890081E6E5 /* Project object */;
			proxyType = 1;
			remoteGlobalIDString = 118E81E81A6A13890081E6E5;
			remoteInfo = MovieMood;
		};
/* End PBXContainerItemProxy section */

/* Begin PBXFileReference section */
		118E81E91A6A13890081E6E5 /* MovieMood.app */ = {isa = PBXFileReference; explicitFileType = wrapper.application; includeInIndex = 0; path = MovieMood.app; sourceTree = BUILT_PRODUCTS_DIR; };
		118E81ED1A6A13890081E6E5 /* Info.plist */ = {isa = PBXFileReference; lastKnownFileType = text.plist.xml; path = Info.plist; sourceTree = "<group>"; };
		118E81EE1A6A13890081E6E5 /* AppDelegate.h */ = {isa = PBXFileReference; lastKnownFileType = sourcecode.c.h; path = AppDelegate.h; sourceTree = "<group>"; };
		118E81EF1A6A13890081E6E5 /* AppDelegate.m */ = {isa = PBXFileReference; lastKnownFileType = sourcecode.c.objc; path = AppDelegate.m; sourceTree = "<group>"; };
		118E81F11A6A13890081E6E5 /* main.m */ = {isa = PBXFileReference; lastKnownFileType = sourcecode.c.objc; path = main.m; sourceTree = "<group>"; };
		118E81F31A6A13890081E6E5 /* ViewController.h */ = {isa = PBXFileReference; lastKnownFileType = sourcecode.c.h; path = ViewController.h; sourceTree = "<group>"; };
		118E81F41A6A13890081E6E5 /* ViewController.m */ = {isa = PBXFileReference; lastKnownFileType = sourcecode.c.objc; path = ViewController.m; sourceTree = "<group>"; };
		118E81F61A6A13890081E6E5 /* Images.xcassets */ = {isa = PBXFileReference; lastKnownFileType = folder.assetcatalog; path = Images.xcassets; sourceTree = "<group>"; };
		118E81F91A6A13890081E6E5 /* Base */ = {isa = PBXFileReference; lastKnownFileType = file.storyboard; name = Base; path = Base.lproj/Main.storyboard; sourceTree = "<group>"; };
		118E81FF1A6A13890081E6E5 /* MovieMoodTests.xctest */ = {isa = PBXFileReference; explicitFileType = wrapper.cfbundle; includeInIndex = 0; path = MovieMoodTests.xctest; sourceTree = BUILT_PRODUCTS_DIR; };
		118E82041A6A13890081E6E5 /* Info.plist */ = {isa = PBXFileReference; lastKnownFileType = text.plist.xml; path = Info.plist; sourceTree = "<group>"; };
		118E82051A6A13890081E6E5 /* MovieMoodTests.m */ = {isa = PBXFileReference; lastKnownFileType = sourcecode.c.objc; path = MovieMoodTests.m; sourceTree = "<group>"; };
		118E82431A6A42D70081E6E5 /* MMWatchPixel.h */ = {isa = PBXFileReference; fileEncoding = 4; lastKnownFileType = sourcecode.c.h; path = MMWatchPixel.h; sourceTree = "<group>"; };
		118E82441A6A42D70081E6E5 /* MMWatchPixel.m */ = {isa = PBXFileReference; fileEncoding = 4; lastKnownFileType = sourcecode.c.objc; path = MMWatchPixel.m; sourceTree = "<group>"; };
		118E82461A6A71330081E6E5 /* MMWatchPixelController.h */ = {isa = PBXFileReference; fileEncoding = 4; lastKnownFileType = sourcecode.c.h; path = MMWatchPixelController.h; sourceTree = "<group>"; };
		118E82471A6A71330081E6E5 /* MMWatchPixelController.m */ = {isa = PBXFileReference; fileEncoding = 4; lastKnownFileType = sourcecode.c.objc; path = MMWatchPixelController.m; sourceTree = "<group>"; };
		118E82491A6A9EB90081E6E5 /* MMHueRequest.h */ = {isa = PBXFileReference; fileEncoding = 4; lastKnownFileType = sourcecode.c.h; path = MMHueRequest.h; sourceTree = "<group>"; };
		118E824A1A6A9EB90081E6E5 /* MMHueRequest.m */ = {isa = PBXFileReference; fileEncoding = 4; lastKnownFileType = sourcecode.c.objc; path = MMHueRequest.m; sourceTree = "<group>"; };
		C284E70A1A6A20B400D74F2F /* HueSDK_OSX.framework */ = {isa = PBXFileReference; lastKnownFileType = wrapper.framework; path = HueSDK_OSX.framework; sourceTree = "<group>"; };
		C284E70C1A6A271800D74F2F /* DDAbstractDatabaseLogger.h */ = {isa = PBXFileReference; fileEncoding = 4; lastKnownFileType = sourcecode.c.h; path = DDAbstractDatabaseLogger.h; sourceTree = "<group>"; };
		C284E70D1A6A271800D74F2F /* DDAbstractDatabaseLogger.m */ = {isa = PBXFileReference; fileEncoding = 4; lastKnownFileType = sourcecode.c.objc; path = DDAbstractDatabaseLogger.m; sourceTree = "<group>"; };
		C284E70E1A6A271800D74F2F /* DDASLLogger.h */ = {isa = PBXFileReference; fileEncoding = 4; lastKnownFileType = sourcecode.c.h; path = DDASLLogger.h; sourceTree = "<group>"; };
		C284E70F1A6A271800D74F2F /* DDASLLogger.m */ = {isa = PBXFileReference; fileEncoding = 4; lastKnownFileType = sourcecode.c.objc; path = DDASLLogger.m; sourceTree = "<group>"; };
		C284E7101A6A271800D74F2F /* DDFileLogger.h */ = {isa = PBXFileReference; fileEncoding = 4; lastKnownFileType = sourcecode.c.h; path = DDFileLogger.h; sourceTree = "<group>"; };
		C284E7111A6A271800D74F2F /* DDFileLogger.m */ = {isa = PBXFileReference; fileEncoding = 4; lastKnownFileType = sourcecode.c.objc; path = DDFileLogger.m; sourceTree = "<group>"; };
		C284E7121A6A271800D74F2F /* DDLog.h */ = {isa = PBXFileReference; fileEncoding = 4; lastKnownFileType = sourcecode.c.h; path = DDLog.h; sourceTree = "<group>"; };
		C284E7131A6A271800D74F2F /* DDLog.m */ = {isa = PBXFileReference; fileEncoding = 4; lastKnownFileType = sourcecode.c.objc; path = DDLog.m; sourceTree = "<group>"; };
		C284E7141A6A271800D74F2F /* DDTTYLogger.h */ = {isa = PBXFileReference; fileEncoding = 4; lastKnownFileType = sourcecode.c.h; path = DDTTYLogger.h; sourceTree = "<group>"; };
		C284E7151A6A271800D74F2F /* DDTTYLogger.m */ = {isa = PBXFileReference; fileEncoding = 4; lastKnownFileType = sourcecode.c.objc; path = DDTTYLogger.m; sourceTree = "<group>"; };
		C284E7211A6A273800D74F2F /* ContextFilterLogFormatter.h */ = {isa = PBXFileReference; fileEncoding = 4; lastKnownFileType = sourcecode.c.h; path = ContextFilterLogFormatter.h; sourceTree = "<group>"; };
		C284E7221A6A273800D74F2F /* ContextFilterLogFormatter.m */ = {isa = PBXFileReference; fileEncoding = 4; lastKnownFileType = sourcecode.c.objc; path = ContextFilterLogFormatter.m; sourceTree = "<group>"; };
		C284E7231A6A273800D74F2F /* DispatchQueueLogFormatter.h */ = {isa = PBXFileReference; fileEncoding = 4; lastKnownFileType = sourcecode.c.h; path = DispatchQueueLogFormatter.h; sourceTree = "<group>"; };
		C284E7241A6A273800D74F2F /* DispatchQueueLogFormatter.m */ = {isa = PBXFileReference; fileEncoding = 4; lastKnownFileType = sourcecode.c.objc; path = DispatchQueueLogFormatter.m; sourceTree = "<group>"; };
/* End PBXFileReference section */

/* Begin PBXFrameworksBuildPhase section */
		118E81E61A6A13890081E6E5 /* Frameworks */ = {
			isa = PBXFrameworksBuildPhase;
			buildActionMask = 2147483647;
			files = (
				C284E70B1A6A20B400D74F2F /* HueSDK_OSX.framework in Frameworks */,
			);
			runOnlyForDeploymentPostprocessing = 0;
		};
		118E81FC1A6A13890081E6E5 /* Frameworks */ = {
			isa = PBXFrameworksBuildPhase;
			buildActionMask = 2147483647;
			files = (
			);
			runOnlyForDeploymentPostprocessing = 0;
		};
/* End PBXFrameworksBuildPhase section */

/* Begin PBXGroup section */
		118E81E01A6A13890081E6E5 = {
			isa = PBXGroup;
			children = (
				118E81EB1A6A13890081E6E5 /* MovieMood */,
				118E82021A6A13890081E6E5 /* MovieMoodTests */,
				118E81EA1A6A13890081E6E5 /* Products */,
			);
			sourceTree = "<group>";
		};
		118E81EA1A6A13890081E6E5 /* Products */ = {
			isa = PBXGroup;
			children = (
				118E81E91A6A13890081E6E5 /* MovieMood.app */,
				118E81FF1A6A13890081E6E5 /* MovieMoodTests.xctest */,
			);
			name = Products;
			sourceTree = "<group>";
		};
		118E81EB1A6A13890081E6E5 /* MovieMood */ = {
			isa = PBXGroup;
			children = (
				118E82491A6A9EB90081E6E5 /* MMHueRequest.h */,
				118E824A1A6A9EB90081E6E5 /* MMHueRequest.m */,
				118E81EE1A6A13890081E6E5 /* AppDelegate.h */,
				118E81EF1A6A13890081E6E5 /* AppDelegate.m */,
				118E81F31A6A13890081E6E5 /* ViewController.h */,
				118E81F41A6A13890081E6E5 /* ViewController.m */,
				118E82431A6A42D70081E6E5 /* MMWatchPixel.h */,
				118E82441A6A42D70081E6E5 /* MMWatchPixel.m */,
				118E82461A6A71330081E6E5 /* MMWatchPixelController.h */,
				118E82471A6A71330081E6E5 /* MMWatchPixelController.m */,
				118E81F61A6A13890081E6E5 /* Images.xcassets */,
				118E81F81A6A13890081E6E5 /* Main.storyboard */,
				C284E70A1A6A20B400D74F2F /* HueSDK_OSX.framework */,
				118E81EC1A6A13890081E6E5 /* Supporting Files */,
			);
			path = MovieMood;
			sourceTree = "<group>";
		};
		118E81EC1A6A13890081E6E5 /* Supporting Files */ = {
			isa = PBXGroup;
			children = (
				C284E7081A6A20AB00D74F2F /* Lumberjack */,
				118E81ED1A6A13890081E6E5 /* Info.plist */,
				118E81F11A6A13890081E6E5 /* main.m */,
			);
			name = "Supporting Files";
			sourceTree = "<group>";
		};
		118E82021A6A13890081E6E5 /* MovieMoodTests */ = {
			isa = PBXGroup;
			children = (
				118E82051A6A13890081E6E5 /* MovieMoodTests.m */,
				118E82031A6A13890081E6E5 /* Supporting Files */,
			);
			path = MovieMoodTests;
			sourceTree = "<group>";
		};
		118E82031A6A13890081E6E5 /* Supporting Files */ = {
			isa = PBXGroup;
			children = (
				118E82041A6A13890081E6E5 /* Info.plist */,
			);
			name = "Supporting Files";
			sourceTree = "<group>";
		};
		C284E7081A6A20AB00D74F2F /* Lumberjack */ = {
			isa = PBXGroup;
			children = (
				C284E70C1A6A271800D74F2F /* DDAbstractDatabaseLogger.h */,
				C284E70D1A6A271800D74F2F /* DDAbstractDatabaseLogger.m */,
				C284E70E1A6A271800D74F2F /* DDASLLogger.h */,
				C284E70F1A6A271800D74F2F /* DDASLLogger.m */,
				C284E7101A6A271800D74F2F /* DDFileLogger.h */,
				C284E7111A6A271800D74F2F /* DDFileLogger.m */,
				C284E7121A6A271800D74F2F /* DDLog.h */,
				C284E7131A6A271800D74F2F /* DDLog.m */,
				C284E7141A6A271800D74F2F /* DDTTYLogger.h */,
				C284E7151A6A271800D74F2F /* DDTTYLogger.m */,
				C284E7091A6A20AB00D74F2F /* Extensions */,
			);
			path = Lumberjack;
			sourceTree = "<group>";
		};
		C284E7091A6A20AB00D74F2F /* Extensions */ = {
			isa = PBXGroup;
			children = (
				C284E7211A6A273800D74F2F /* ContextFilterLogFormatter.h */,
				C284E7221A6A273800D74F2F /* ContextFilterLogFormatter.m */,
				C284E7231A6A273800D74F2F /* DispatchQueueLogFormatter.h */,
				C284E7241A6A273800D74F2F /* DispatchQueueLogFormatter.m */,
			);
			path = Extensions;
			sourceTree = "<group>";
		};
/* End PBXGroup section */

/* Begin PBXNativeTarget section */
		118E81E81A6A13890081E6E5 /* MovieMood */ = {
			isa = PBXNativeTarget;
			buildConfigurationList = 118E82091A6A13890081E6E5 /* Build configuration list for PBXNativeTarget "MovieMood" */;
			buildPhases = (
				118E81E51A6A13890081E6E5 /* Sources */,
				118E81E61A6A13890081E6E5 /* Frameworks */,
				118E81E71A6A13890081E6E5 /* Resources */,
			);
			buildRules = (
			);
			dependencies = (
			);
			name = MovieMood;
			productName = MovieMood;
			productReference = 118E81E91A6A13890081E6E5 /* MovieMood.app */;
			productType = "com.apple.product-type.application";
		};
		118E81FE1A6A13890081E6E5 /* MovieMoodTests */ = {
			isa = PBXNativeTarget;
			buildConfigurationList = 118E820C1A6A13890081E6E5 /* Build configuration list for PBXNativeTarget "MovieMoodTests" */;
			buildPhases = (
				118E81FB1A6A13890081E6E5 /* Sources */,
				118E81FC1A6A13890081E6E5 /* Frameworks */,
				118E81FD1A6A13890081E6E5 /* Resources */,
			);
			buildRules = (
			);
			dependencies = (
				118E82011A6A13890081E6E5 /* PBXTargetDependency */,
			);
			name = MovieMoodTests;
			productName = MovieMoodTests;
			productReference = 118E81FF1A6A13890081E6E5 /* MovieMoodTests.xctest */;
			productType = "com.apple.product-type.bundle.unit-test";
		};
/* End PBXNativeTarget section */

/* Begin PBXProject section */
		118E81E11A6A13890081E6E5 /* Project object */ = {
			isa = PBXProject;
			attributes = {
				LastUpgradeCheck = 0610;
				ORGANIZATIONNAME = TeamHackers;
				TargetAttributes = {
					118E81E81A6A13890081E6E5 = {
						CreatedOnToolsVersion = 6.1.1;
					};
					118E81FE1A6A13890081E6E5 = {
						CreatedOnToolsVersion = 6.1.1;
						TestTargetID = 118E81E81A6A13890081E6E5;
					};
				};
			};
			buildConfigurationList = 118E81E41A6A13890081E6E5 /* Build configuration list for PBXProject "MovieMood" */;
			compatibilityVersion = "Xcode 3.2";
			developmentRegion = English;
			hasScannedForEncodings = 0;
			knownRegions = (
				en,
				Base,
			);
			mainGroup = 118E81E01A6A13890081E6E5;
			productRefGroup = 118E81EA1A6A13890081E6E5 /* Products */;
			projectDirPath = "";
			projectRoot = "";
			targets = (
				118E81E81A6A13890081E6E5 /* MovieMood */,
				118E81FE1A6A13890081E6E5 /* MovieMoodTests */,
			);
		};
/* End PBXProject section */

/* Begin PBXResourcesBuildPhase section */
		118E81E71A6A13890081E6E5 /* Resources */ = {
			isa = PBXResourcesBuildPhase;
			buildActionMask = 2147483647;
			files = (
				118E81F71A6A13890081E6E5 /* Images.xcassets in Resources */,
				118E81FA1A6A13890081E6E5 /* Main.storyboard in Resources */,
			);
			runOnlyForDeploymentPostprocessing = 0;
		};
		118E81FD1A6A13890081E6E5 /* Resources */ = {
			isa = PBXResourcesBuildPhase;
			buildActionMask = 2147483647;
			files = (
			);
			runOnlyForDeploymentPostprocessing = 0;
		};
/* End PBXResourcesBuildPhase section */

/* Begin PBXSourcesBuildPhase section */
		118E81E51A6A13890081E6E5 /* Sources */ = {
			isa = PBXSourcesBuildPhase;
			buildActionMask = 2147483647;
			files = (
				C284E7191A6A271800D74F2F /* DDLog.m in Sources */,
				C284E7261A6A273800D74F2F /* DispatchQueueLogFormatter.m in Sources */,
				C284E71A1A6A271800D74F2F /* DDTTYLogger.m in Sources */,
				118E81F51A6A13890081E6E5 /* ViewController.m in Sources */,
				C284E7181A6A271800D74F2F /* DDFileLogger.m in Sources */,
				118E81F21A6A13890081E6E5 /* main.m in Sources */,
				118E82481A6A71330081E6E5 /* MMWatchPixelController.m in Sources */,
				C284E7251A6A273800D74F2F /* ContextFilterLogFormatter.m in Sources */,
				C284E7161A6A271800D74F2F /* DDAbstractDatabaseLogger.m in Sources */,
				118E81F01A6A13890081E6E5 /* AppDelegate.m in Sources */,
				118E82451A6A42D70081E6E5 /* MMWatchPixel.m in Sources */,
				C284E7171A6A271800D74F2F /* DDASLLogger.m in Sources */,
				118E824B1A6A9EB90081E6E5 /* MMHueRequest.m in Sources */,
			);
			runOnlyForDeploymentPostprocessing = 0;
		};
		118E81FB1A6A13890081E6E5 /* Sources */ = {
			isa = PBXSourcesBuildPhase;
			buildActionMask = 2147483647;
			files = (
				118E82061A6A13890081E6E5 /* MovieMoodTests.m in Sources */,
			);
			runOnlyForDeploymentPostprocessing = 0;
		};
/* End PBXSourcesBuildPhase section */

/* Begin PBXTargetDependency section */
		118E82011A6A13890081E6E5 /* PBXTargetDependency */ = {
			isa = PBXTargetDependency;
			target = 118E81E81A6A13890081E6E5 /* MovieMood */;
			targetProxy = 118E82001A6A13890081E6E5 /* PBXContainerItemProxy */;
		};
/* End PBXTargetDependency section */

/* Begin PBXVariantGroup section */
		118E81F81A6A13890081E6E5 /* Main.storyboard */ = {
			isa = PBXVariantGroup;
			children = (
				118E81F91A6A13890081E6E5 /* Base */,
			);
			name = Main.storyboard;
			sourceTree = "<group>";
		};
/* End PBXVariantGroup section */

/* Begin XCBuildConfiguration section */
		118E82071A6A13890081E6E5 /* Debug */ = {
			isa = XCBuildConfiguration;
			buildSettings = {
				ALWAYS_SEARCH_USER_PATHS = NO;
				CLANG_CXX_LANGUAGE_STANDARD = "gnu++0x";
				CLANG_CXX_LIBRARY = "libc++";
				CLANG_ENABLE_MODULES = YES;
				CLANG_ENABLE_OBJC_ARC = YES;
				CLANG_WARN_BOOL_CONVERSION = YES;
				CLANG_WARN_CONSTANT_CONVERSION = YES;
				CLANG_WARN_DIRECT_OBJC_ISA_USAGE = YES_ERROR;
				CLANG_WARN_EMPTY_BODY = YES;
				CLANG_WARN_ENUM_CONVERSION = YES;
				CLANG_WARN_INT_CONVERSION = YES;
				CLANG_WARN_OBJC_ROOT_CLASS = YES_ERROR;
				CLANG_WARN_UNREACHABLE_CODE = YES;
				CLANG_WARN__DUPLICATE_METHOD_MATCH = YES;
				CODE_SIGN_IDENTITY = "-";
				COPY_PHASE_STRIP = NO;
				ENABLE_STRICT_OBJC_MSGSEND = YES;
				GCC_C_LANGUAGE_STANDARD = gnu99;
				GCC_DYNAMIC_NO_PIC = NO;
				GCC_OPTIMIZATION_LEVEL = 0;
				GCC_PREPROCESSOR_DEFINITIONS = (
					"DEBUG=1",
					"$(inherited)",
				);
				GCC_SYMBOLS_PRIVATE_EXTERN = NO;
				GCC_WARN_64_TO_32_BIT_CONVERSION = YES;
				GCC_WARN_ABOUT_RETURN_TYPE = YES_ERROR;
				GCC_WARN_UNDECLARED_SELECTOR = YES;
				GCC_WARN_UNINITIALIZED_AUTOS = YES_AGGRESSIVE;
				GCC_WARN_UNUSED_FUNCTION = YES;
				GCC_WARN_UNUSED_VARIABLE = YES;
				MACOSX_DEPLOYMENT_TARGET = 10.10;
				MTL_ENABLE_DEBUG_INFO = YES;
				ONLY_ACTIVE_ARCH = YES;
				SDKROOT = macosx;
			};
			name = Debug;
		};
		118E82081A6A13890081E6E5 /* Release */ = {
			isa = XCBuildConfiguration;
			buildSettings = {
				ALWAYS_SEARCH_USER_PATHS = NO;
				CLANG_CXX_LANGUAGE_STANDARD = "gnu++0x";
				CLANG_CXX_LIBRARY = "libc++";
				CLANG_ENABLE_MODULES = YES;
				CLANG_ENABLE_OBJC_ARC = YES;
				CLANG_WARN_BOOL_CONVERSION = YES;
				CLANG_WARN_CONSTANT_CONVERSION = YES;
				CLANG_WARN_DIRECT_OBJC_ISA_USAGE = YES_ERROR;
				CLANG_WARN_EMPTY_BODY = YES;
				CLANG_WARN_ENUM_CONVERSION = YES;
				CLANG_WARN_INT_CONVERSION = YES;
				CLANG_WARN_OBJC_ROOT_CLASS = YES_ERROR;
				CLANG_WARN_UNREACHABLE_CODE = YES;
				CLANG_WARN__DUPLICATE_METHOD_MATCH = YES;
				CODE_SIGN_IDENTITY = "-";
				COPY_PHASE_STRIP = YES;
				DEBUG_INFORMATION_FORMAT = "dwarf-with-dsym";
				ENABLE_NS_ASSERTIONS = NO;
				ENABLE_STRICT_OBJC_MSGSEND = YES;
				GCC_C_LANGUAGE_STANDARD = gnu99;
				GCC_WARN_64_TO_32_BIT_CONVERSION = YES;
				GCC_WARN_ABOUT_RETURN_TYPE = YES_ERROR;
				GCC_WARN_UNDECLARED_SELECTOR = YES;
				GCC_WARN_UNINITIALIZED_AUTOS = YES_AGGRESSIVE;
				GCC_WARN_UNUSED_FUNCTION = YES;
				GCC_WARN_UNUSED_VARIABLE = YES;
				MACOSX_DEPLOYMENT_TARGET = 10.10;
				MTL_ENABLE_DEBUG_INFO = NO;
				SDKROOT = macosx;
			};
			name = Release;
		};
		118E820A1A6A13890081E6E5 /* Debug */ = {
			isa = XCBuildConfiguration;
			buildSettings = {
				ASSETCATALOG_COMPILER_APPICON_NAME = AppIcon;
				COMBINE_HIDPI_IMAGES = YES;
				FRAMEWORK_SEARCH_PATHS = (
					"$(inherited)",
					"/Users/altitudes/code/PhilipsHueSDK-iOS-OSX-master/QuickStartApp_OSX",
					"$(PROJECT_DIR)/MovieMood",
				);
				INFOPLIST_FILE = MovieMood/Info.plist;
				LD_RUNPATH_SEARCH_PATHS = "$(inherited) @executable_path/../Frameworks";
				OTHER_LDFLAGS = "-fno-objc-arc";
				PRODUCT_NAME = "$(TARGET_NAME)";
			};
			name = Debug;
		};
		118E820B1A6A13890081E6E5 /* Release */ = {
			isa = XCBuildConfiguration;
			buildSettings = {
				ASSETCATALOG_COMPILER_APPICON_NAME = AppIcon;
				COMBINE_HIDPI_IMAGES = YES;
				FRAMEWORK_SEARCH_PATHS = (
					"$(inherited)",
					"/Users/altitudes/code/PhilipsHueSDK-iOS-OSX-master/QuickStartApp_OSX",
					"$(PROJECT_DIR)/MovieMood",
				);
				INFOPLIST_FILE = MovieMood/Info.plist;
				LD_RUNPATH_SEARCH_PATHS = "$(inherited) @executable_path/../Frameworks";
				OTHER_LDFLAGS = "";
				PRODUCT_NAME = "$(TARGET_NAME)";
			};
			name = Release;
		};
		118E820D1A6A13890081E6E5 /* Debug */ = {
			isa = XCBuildConfiguration;
			buildSettings = {
				BUNDLE_LOADER = "$(TEST_HOST)";
				COMBINE_HIDPI_IMAGES = YES;
				FRAMEWORK_SEARCH_PATHS = (
					"$(DEVELOPER_FRAMEWORKS_DIR)",
					"$(inherited)",
				);
				GCC_PREPROCESSOR_DEFINITIONS = (
					"DEBUG=1",
					"$(inherited)",
				);
				INFOPLIST_FILE = MovieMoodTests/Info.plist;
				LD_RUNPATH_SEARCH_PATHS = "$(inherited) @executable_path/../Frameworks @loader_path/../Frameworks";
				PRODUCT_NAME = "$(TARGET_NAME)";
				TEST_HOST = "$(BUILT_PRODUCTS_DIR)/MovieMood.app/Contents/MacOS/MovieMood";
			};
			name = Debug;
		};
		118E820E1A6A13890081E6E5 /* Release */ = {
			isa = XCBuildConfiguration;
			buildSettings = {
				BUNDLE_LOADER = "$(TEST_HOST)";
				COMBINE_HIDPI_IMAGES = YES;
				FRAMEWORK_SEARCH_PATHS = (
					"$(DEVELOPER_FRAMEWORKS_DIR)",
					"$(inherited)",
				);
				INFOPLIST_FILE = MovieMoodTests/Info.plist;
				LD_RUNPATH_SEARCH_PATHS = "$(inherited) @executable_path/../Frameworks @loader_path/../Frameworks";
				PRODUCT_NAME = "$(TARGET_NAME)";
				TEST_HOST = "$(BUILT_PRODUCTS_DIR)/MovieMood.app/Contents/MacOS/MovieMood";
			};
			name = Release;
		};
/* End XCBuildConfiguration section */

/* Begin XCConfigurationList section */
		118E81E41A6A13890081E6E5 /* Build configuration list for PBXProject "MovieMood" */ = {
			isa = XCConfigurationList;
			buildConfigurations = (
				118E82071A6A13890081E6E5 /* Debug */,
				118E82081A6A13890081E6E5 /* Release */,
			);
			defaultConfigurationIsVisible = 0;
			defaultConfigurationName = Release;
		};
		118E82091A6A13890081E6E5 /* Build configuration list for PBXNativeTarget "MovieMood" */ = {
			isa = XCConfigurationList;
			buildConfigurations = (
				118E820A1A6A13890081E6E5 /* Debug */,
				118E820B1A6A13890081E6E5 /* Release */,
			);
			defaultConfigurationIsVisible = 0;
			defaultConfigurationName = Release;
		};
		118E820C1A6A13890081E6E5 /* Build configuration list for PBXNativeTarget "MovieMoodTests" */ = {
			isa = XCConfigurationList;
			buildConfigurations = (
				118E820D1A6A13890081E6E5 /* Debug */,
				118E820E1A6A13890081E6E5 /* Release */,
			);
			defaultConfigurationIsVisible = 0;
			defaultConfigurationName = Release;
		};
/* End XCConfigurationList section */
	};
	rootObject = 118E81E11A6A13890081E6E5 /* Project object */;
}
